// !$*UTF8*$!
{
	archiveVersion = 1;
	classes = {
	};
	objectVersion = 50;
	objects = {

/* Begin PBXBuildFile section */
		6BEAAEFE231D623B00477343 /* AppDelegate.swift in Sources */ = {isa = PBXBuildFile; fileRef = 6BEAAEFD231D623B00477343 /* AppDelegate.swift */; };
		6BEAAF00231D623B00477343 /* ViewController.swift in Sources */ = {isa = PBXBuildFile; fileRef = 6BEAAEFF231D623B00477343 /* ViewController.swift */; };
		6BEAAF03231D623B00477343 /* Main.storyboard in Resources */ = {isa = PBXBuildFile; fileRef = 6BEAAF01231D623B00477343 /* Main.storyboard */; };
		6BEAAF06231D623B00477343 /* multiplication.xcdatamodeld in Sources */ = {isa = PBXBuildFile; fileRef = 6BEAAF04231D623B00477343 /* multiplication.xcdatamodeld */; };
		6BEAAF08231D623E00477343 /* Assets.xcassets in Resources */ = {isa = PBXBuildFile; fileRef = 6BEAAF07231D623E00477343 /* Assets.xcassets */; };
		6BEAAF0B231D623E00477343 /* LaunchScreen.storyboard in Resources */ = {isa = PBXBuildFile; fileRef = 6BEAAF09231D623E00477343 /* LaunchScreen.storyboard */; };
		6BEAAF16231D623F00477343 /* multiplicationTests.swift in Sources */ = {isa = PBXBuildFile; fileRef = 6BEAAF15231D623F00477343 /* multiplicationTests.swift */; };
		6BEAAF21231D623F00477343 /* multiplicationUITests.swift in Sources */ = {isa = PBXBuildFile; fileRef = 6BEAAF20231D623F00477343 /* multiplicationUITests.swift */; };
		6BEAAF2F231D668800477343 /* 927-9272103_download-clip-art-banner-red-banner-ribbon-png.png in Resources */ = {isa = PBXBuildFile; fileRef = 6BEAAF2E231D668800477343 /* 927-9272103_download-clip-art-banner-red-banner-ribbon-png.png */; };
		6BEAAF31231D7C9900477343 /* ribbon.png in Resources */ = {isa = PBXBuildFile; fileRef = 6BEAAF30231D7C9900477343 /* ribbon.png */; };
		6BEAAF33231D7CAC00477343 /* twoRibbons.png in Resources */ = {isa = PBXBuildFile; fileRef = 6BEAAF32231D7CAC00477343 /* twoRibbons.png */; };
		6BEAAF35231D8D3200477343 /* tablesVC.swift in Sources */ = {isa = PBXBuildFile; fileRef = 6BEAAF34231D8D3200477343 /* tablesVC.swift */; };
		6BEAAF37231D8D4800477343 /* practiceVC.swift in Sources */ = {isa = PBXBuildFile; fileRef = 6BEAAF36231D8D4800477343 /* practiceVC.swift */; };
		6BEAAF39231D901E00477343 /* icon1.png in Resources */ = {isa = PBXBuildFile; fileRef = 6BEAAF38231D901E00477343 /* icon1.png */; };
		6BEAAF3B231E407400477343 /* numbersCollectionViewCell.swift in Sources */ = {isa = PBXBuildFile; fileRef = 6BEAAF3A231E407400477343 /* numbersCollectionViewCell.swift */; };
/* End PBXBuildFile section */

/* Begin PBXContainerItemProxy section */
		6BEAAF12231D623F00477343 /* PBXContainerItemProxy */ = {
			isa = PBXContainerItemProxy;
			containerPortal = 6BEAAEF2231D623B00477343 /* Project object */;
			proxyType = 1;
			remoteGlobalIDString = 6BEAAEF9231D623B00477343;
			remoteInfo = multiplication;
		};
		6BEAAF1D231D623F00477343 /* PBXContainerItemProxy */ = {
			isa = PBXContainerItemProxy;
			containerPortal = 6BEAAEF2231D623B00477343 /* Project object */;
			proxyType = 1;
			remoteGlobalIDString = 6BEAAEF9231D623B00477343;
			remoteInfo = multiplication;
		};
/* End PBXContainerItemProxy section */

/* Begin PBXFileReference section */
		6BEAAEFA231D623B00477343 /* multiplication.app */ = {isa = PBXFileReference; explicitFileType = wrapper.application; includeInIndex = 0; path = multiplication.app; sourceTree = BUILT_PRODUCTS_DIR; };
		6BEAAEFD231D623B00477343 /* AppDelegate.swift */ = {isa = PBXFileReference; lastKnownFileType = sourcecode.swift; path = AppDelegate.swift; sourceTree = "<group>"; };
		6BEAAEFF231D623B00477343 /* ViewController.swift */ = {isa = PBXFileReference; lastKnownFileType = sourcecode.swift; path = ViewController.swift; sourceTree = "<group>"; };
		6BEAAF02231D623B00477343 /* Base */ = {isa = PBXFileReference; lastKnownFileType = file.storyboard; name = Base; path = Base.lproj/Main.storyboard; sourceTree = "<group>"; };
		6BEAAF05231D623B00477343 /* multiplication.xcdatamodel */ = {isa = PBXFileReference; lastKnownFileType = wrapper.xcdatamodel; path = multiplication.xcdatamodel; sourceTree = "<group>"; };
		6BEAAF07231D623E00477343 /* Assets.xcassets */ = {isa = PBXFileReference; lastKnownFileType = folder.assetcatalog; path = Assets.xcassets; sourceTree = "<group>"; };
		6BEAAF0A231D623E00477343 /* Base */ = {isa = PBXFileReference; lastKnownFileType = file.storyboard; name = Base; path = Base.lproj/LaunchScreen.storyboard; sourceTree = "<group>"; };
		6BEAAF0C231D623E00477343 /* Info.plist */ = {isa = PBXFileReference; lastKnownFileType = text.plist.xml; path = Info.plist; sourceTree = "<group>"; };
		6BEAAF11231D623F00477343 /* multiplicationTests.xctest */ = {isa = PBXFileReference; explicitFileType = wrapper.cfbundle; includeInIndex = 0; path = multiplicationTests.xctest; sourceTree = BUILT_PRODUCTS_DIR; };
		6BEAAF15231D623F00477343 /* multiplicationTests.swift */ = {isa = PBXFileReference; lastKnownFileType = sourcecode.swift; path = multiplicationTests.swift; sourceTree = "<group>"; };
		6BEAAF17231D623F00477343 /* Info.plist */ = {isa = PBXFileReference; lastKnownFileType = text.plist.xml; path = Info.plist; sourceTree = "<group>"; };
		6BEAAF1C231D623F00477343 /* multiplicationUITests.xctest */ = {isa = PBXFileReference; explicitFileType = wrapper.cfbundle; includeInIndex = 0; path = multiplicationUITests.xctest; sourceTree = BUILT_PRODUCTS_DIR; };
		6BEAAF20231D623F00477343 /* multiplicationUITests.swift */ = {isa = PBXFileReference; lastKnownFileType = sourcecode.swift; path = multiplicationUITests.swift; sourceTree = "<group>"; };
		6BEAAF22231D623F00477343 /* Info.plist */ = {isa = PBXFileReference; lastKnownFileType = text.plist.xml; path = Info.plist; sourceTree = "<group>"; };
		6BEAAF2E231D668800477343 /* 927-9272103_download-clip-art-banner-red-banner-ribbon-png.png */ = {isa = PBXFileReference; lastKnownFileType = image.png; path = "927-9272103_download-clip-art-banner-red-banner-ribbon-png.png"; sourceTree = "<group>"; };
		6BEAAF30231D7C9900477343 /* ribbon.png */ = {isa = PBXFileReference; lastKnownFileType = image.png; path = ribbon.png; sourceTree = "<group>"; };
		6BEAAF32231D7CAC00477343 /* twoRibbons.png */ = {isa = PBXFileReference; lastKnownFileType = image.png; path = twoRibbons.png; sourceTree = "<group>"; };
		6BEAAF34231D8D3200477343 /* tablesVC.swift */ = {isa = PBXFileReference; lastKnownFileType = sourcecode.swift; path = tablesVC.swift; sourceTree = "<group>"; };
		6BEAAF36231D8D4800477343 /* practiceVC.swift */ = {isa = PBXFileReference; lastKnownFileType = sourcecode.swift; path = practiceVC.swift; sourceTree = "<group>"; };
		6BEAAF38231D901E00477343 /* icon1.png */ = {isa = PBXFileReference; lastKnownFileType = image.png; path = icon1.png; sourceTree = "<group>"; };
		6BEAAF3A231E407400477343 /* numbersCollectionViewCell.swift */ = {isa = PBXFileReference; lastKnownFileType = sourcecode.swift; path = numbersCollectionViewCell.swift; sourceTree = "<group>"; };
/* End PBXFileReference section */

/* Begin PBXFrameworksBuildPhase section */
		6BEAAEF7231D623B00477343 /* Frameworks */ = {
			isa = PBXFrameworksBuildPhase;
			buildActionMask = 2147483647;
			files = (
			);
			runOnlyForDeploymentPostprocessing = 0;
		};
		6BEAAF0E231D623F00477343 /* Frameworks */ = {
			isa = PBXFrameworksBuildPhase;
			buildActionMask = 2147483647;
			files = (
			);
			runOnlyForDeploymentPostprocessing = 0;
		};
		6BEAAF19231D623F00477343 /* Frameworks */ = {
			isa = PBXFrameworksBuildPhase;
			buildActionMask = 2147483647;
			files = (
			);
			runOnlyForDeploymentPostprocessing = 0;
		};
/* End PBXFrameworksBuildPhase section */

/* Begin PBXGroup section */
		6BEAAEF1231D623B00477343 = {
			isa = PBXGroup;
			children = (
				6BEAAEFC231D623B00477343 /* multiplication */,
				6BEAAF14231D623F00477343 /* multiplicationTests */,
				6BEAAF1F231D623F00477343 /* multiplicationUITests */,
				6BEAAEFB231D623B00477343 /* Products */,
			);
			sourceTree = "<group>";
		};
		6BEAAEFB231D623B00477343 /* Products */ = {
			isa = PBXGroup;
			children = (
				6BEAAEFA231D623B00477343 /* multiplication.app */,
				6BEAAF11231D623F00477343 /* multiplicationTests.xctest */,
				6BEAAF1C231D623F00477343 /* multiplicationUITests.xctest */,
			);
			name = Products;
			sourceTree = "<group>";
		};
		6BEAAEFC231D623B00477343 /* multiplication */ = {
			isa = PBXGroup;
			children = (
				6BEAAEFD231D623B00477343 /* AppDelegate.swift */,
				6BEAAEFF231D623B00477343 /* ViewController.swift */,
				6BEAAF34231D8D3200477343 /* tablesVC.swift */,
				6BEAAF36231D8D4800477343 /* practiceVC.swift */,
				6BEAAF3A231E407400477343 /* numbersCollectionViewCell.swift */,
				6BEAAF01231D623B00477343 /* Main.storyboard */,
				6BEAAF07231D623E00477343 /* Assets.xcassets */,
				6BEAAF32231D7CAC00477343 /* twoRibbons.png */,
				6BEAAF38231D901E00477343 /* icon1.png */,
				6BEAAF30231D7C9900477343 /* ribbon.png */,
				6BEAAF09231D623E00477343 /* LaunchScreen.storyboard */,
				6BEAAF0C231D623E00477343 /* Info.plist */,
				6BEAAF04231D623B00477343 /* multiplication.xcdatamodeld */,
				6BEAAF2E231D668800477343 /* 927-9272103_download-clip-art-banner-red-banner-ribbon-png.png */,
			);
			path = multiplication;
			sourceTree = "<group>";
		};
		6BEAAF14231D623F00477343 /* multiplicationTests */ = {
			isa = PBXGroup;
			children = (
				6BEAAF15231D623F00477343 /* multiplicationTests.swift */,
				6BEAAF17231D623F00477343 /* Info.plist */,
			);
			path = multiplicationTests;
			sourceTree = "<group>";
		};
		6BEAAF1F231D623F00477343 /* multiplicationUITests */ = {
			isa = PBXGroup;
			children = (
				6BEAAF20231D623F00477343 /* multiplicationUITests.swift */,
				6BEAAF22231D623F00477343 /* Info.plist */,
			);
			path = multiplicationUITests;
			sourceTree = "<group>";
		};
/* End PBXGroup section */

/* Begin PBXNativeTarget section */
		6BEAAEF9231D623B00477343 /* multiplication */ = {
			isa = PBXNativeTarget;
			buildConfigurationList = 6BEAAF25231D623F00477343 /* Build configuration list for PBXNativeTarget "multiplication" */;
			buildPhases = (
				6BEAAEF6231D623B00477343 /* Sources */,
				6BEAAEF7231D623B00477343 /* Frameworks */,
				6BEAAEF8231D623B00477343 /* Resources */,
			);
			buildRules = (
			);
			dependencies = (
			);
			name = multiplication;
			productName = multiplication;
			productReference = 6BEAAEFA231D623B00477343 /* multiplication.app */;
			productType = "com.apple.product-type.application";
		};
		6BEAAF10231D623F00477343 /* multiplicationTests */ = {
			isa = PBXNativeTarget;
			buildConfigurationList = 6BEAAF28231D623F00477343 /* Build configuration list for PBXNativeTarget "multiplicationTests" */;
			buildPhases = (
				6BEAAF0D231D623F00477343 /* Sources */,
				6BEAAF0E231D623F00477343 /* Frameworks */,
				6BEAAF0F231D623F00477343 /* Resources */,
			);
			buildRules = (
			);
			dependencies = (
				6BEAAF13231D623F00477343 /* PBXTargetDependency */,
			);
			name = multiplicationTests;
			productName = multiplicationTests;
			productReference = 6BEAAF11231D623F00477343 /* multiplicationTests.xctest */;
			productType = "com.apple.product-type.bundle.unit-test";
		};
		6BEAAF1B231D623F00477343 /* multiplicationUITests */ = {
			isa = PBXNativeTarget;
			buildConfigurationList = 6BEAAF2B231D623F00477343 /* Build configuration list for PBXNativeTarget "multiplicationUITests" */;
			buildPhases = (
				6BEAAF18231D623F00477343 /* Sources */,
				6BEAAF19231D623F00477343 /* Frameworks */,
				6BEAAF1A231D623F00477343 /* Resources */,
			);
			buildRules = (
			);
			dependencies = (
				6BEAAF1E231D623F00477343 /* PBXTargetDependency */,
			);
			name = multiplicationUITests;
			productName = multiplicationUITests;
			productReference = 6BEAAF1C231D623F00477343 /* multiplicationUITests.xctest */;
			productType = "com.apple.product-type.bundle.ui-testing";
		};
/* End PBXNativeTarget section */

/* Begin PBXProject section */
		6BEAAEF2231D623B00477343 /* Project object */ = {
			isa = PBXProject;
			attributes = {
				LastSwiftUpdateCheck = 1030;
				LastUpgradeCheck = 1030;
				ORGANIZATIONNAME = Bharat;
				TargetAttributes = {
					6BEAAEF9231D623B00477343 = {
						CreatedOnToolsVersion = 10.3;
					};
					6BEAAF10231D623F00477343 = {
						CreatedOnToolsVersion = 10.3;
						TestTargetID = 6BEAAEF9231D623B00477343;
					};
					6BEAAF1B231D623F00477343 = {
						CreatedOnToolsVersion = 10.3;
						TestTargetID = 6BEAAEF9231D623B00477343;
					};
				};
			};
			buildConfigurationList = 6BEAAEF5231D623B00477343 /* Build configuration list for PBXProject "multiplication" */;
			compatibilityVersion = "Xcode 9.3";
			developmentRegion = en;
			hasScannedForEncodings = 0;
			knownRegions = (
				en,
				Base,
			);
			mainGroup = 6BEAAEF1231D623B00477343;
			productRefGroup = 6BEAAEFB231D623B00477343 /* Products */;
			projectDirPath = "";
			projectRoot = "";
			targets = (
				6BEAAEF9231D623B00477343 /* multiplication */,
				6BEAAF10231D623F00477343 /* multiplicationTests */,
				6BEAAF1B231D623F00477343 /* multiplicationUITests */,
			);
		};
/* End PBXProject section */

/* Begin PBXResourcesBuildPhase section */
		6BEAAEF8231D623B00477343 /* Resources */ = {
			isa = PBXResourcesBuildPhase;
			buildActionMask = 2147483647;
			files = (
				6BEAAF33231D7CAC00477343 /* twoRibbons.png in Resources */,
				6BEAAF39231D901E00477343 /* icon1.png in Resources */,
				6BEAAF0B231D623E00477343 /* LaunchScreen.storyboard in Resources */,
				6BEAAF2F231D668800477343 /* 927-9272103_download-clip-art-banner-red-banner-ribbon-png.png in Resources */,
				6BEAAF08231D623E00477343 /* Assets.xcassets in Resources */,
				6BEAAF03231D623B00477343 /* Main.storyboard in Resources */,
				6BEAAF31231D7C9900477343 /* ribbon.png in Resources */,
			);
			runOnlyForDeploymentPostprocessing = 0;
		};
		6BEAAF0F231D623F00477343 /* Resources */ = {
			isa = PBXResourcesBuildPhase;
			buildActionMask = 2147483647;
			files = (
			);
			runOnlyForDeploymentPostprocessing = 0;
		};
		6BEAAF1A231D623F00477343 /* Resources */ = {
			isa = PBXResourcesBuildPhase;
			buildActionMask = 2147483647;
			files = (
			);
			runOnlyForDeploymentPostprocessing = 0;
		};
/* End PBXResourcesBuildPhase section */

/* Begin PBXSourcesBuildPhase section */
		6BEAAEF6231D623B00477343 /* Sources */ = {
			isa = PBXSourcesBuildPhase;
			buildActionMask = 2147483647;
			files = (
				6BEAAF00231D623B00477343 /* ViewController.swift in Sources */,
				6BEAAF35231D8D3200477343 /* tablesVC.swift in Sources */,
				6BEAAEFE231D623B00477343 /* AppDelegate.swift in Sources */,
				6BEAAF37231D8D4800477343 /* practiceVC.swift in Sources */,
				6BEAAF06231D623B00477343 /* multiplication.xcdatamodeld in Sources */,
				6BEAAF3B231E407400477343 /* numbersCollectionViewCell.swift in Sources */,
			);
			runOnlyForDeploymentPostprocessing = 0;
		};
		6BEAAF0D231D623F00477343 /* Sources */ = {
			isa = PBXSourcesBuildPhase;
			buildActionMask = 2147483647;
			files = (
				6BEAAF16231D623F00477343 /* multiplicationTests.swift in Sources */,
			);
			runOnlyForDeploymentPostprocessing = 0;
		};
		6BEAAF18231D623F00477343 /* Sources */ = {
			isa = PBXSourcesBuildPhase;
			buildActionMask = 2147483647;
			files = (
				6BEAAF21231D623F00477343 /* multiplicationUITests.swift in Sources */,
			);
			runOnlyForDeploymentPostprocessing = 0;
		};
/* End PBXSourcesBuildPhase section */

/* Begin PBXTargetDependency section */
		6BEAAF13231D623F00477343 /* PBXTargetDependency */ = {
			isa = PBXTargetDependency;
			target = 6BEAAEF9231D623B00477343 /* multiplication */;
			targetProxy = 6BEAAF12231D623F00477343 /* PBXContainerItemProxy */;
		};
		6BEAAF1E231D623F00477343 /* PBXTargetDependency */ = {
			isa = PBXTargetDependency;
			target = 6BEAAEF9231D623B00477343 /* multiplication */;
			targetProxy = 6BEAAF1D231D623F00477343 /* PBXContainerItemProxy */;
		};
/* End PBXTargetDependency section */

/* Begin PBXVariantGroup section */
		6BEAAF01231D623B00477343 /* Main.storyboard */ = {
			isa = PBXVariantGroup;
			children = (
				6BEAAF02231D623B00477343 /* Base */,
			);
			name = Main.storyboard;
			sourceTree = "<group>";
		};
		6BEAAF09231D623E00477343 /* LaunchScreen.storyboard */ = {
			isa = PBXVariantGroup;
			children = (
				6BEAAF0A231D623E00477343 /* Base */,
			);
			name = LaunchScreen.storyboard;
			sourceTree = "<group>";
		};
/* End PBXVariantGroup section */

/* Begin XCBuildConfiguration section */
		6BEAAF23231D623F00477343 /* Debug */ = {
			isa = XCBuildConfiguration;
			buildSettings = {
				ALWAYS_SEARCH_USER_PATHS = NO;
				CLANG_ANALYZER_NONNULL = YES;
				CLANG_ANALYZER_NUMBER_OBJECT_CONVERSION = YES_AGGRESSIVE;
				CLANG_CXX_LANGUAGE_STANDARD = "gnu++14";
				CLANG_CXX_LIBRARY = "libc++";
				CLANG_ENABLE_MODULES = YES;
				CLANG_ENABLE_OBJC_ARC = YES;
				CLANG_ENABLE_OBJC_WEAK = YES;
				CLANG_WARN_BLOCK_CAPTURE_AUTORELEASING = YES;
				CLANG_WARN_BOOL_CONVERSION = YES;
				CLANG_WARN_COMMA = YES;
				CLANG_WARN_CONSTANT_CONVERSION = YES;
				CLANG_WARN_DEPRECATED_OBJC_IMPLEMENTATIONS = YES;
				CLANG_WARN_DIRECT_OBJC_ISA_USAGE = YES_ERROR;
				CLANG_WARN_DOCUMENTATION_COMMENTS = YES;
				CLANG_WARN_EMPTY_BODY = YES;
				CLANG_WARN_ENUM_CONVERSION = YES;
				CLANG_WARN_INFINITE_RECURSION = YES;
				CLANG_WARN_INT_CONVERSION = YES;
				CLANG_WARN_NON_LITERAL_NULL_CONVERSION = YES;
				CLANG_WARN_OBJC_IMPLICIT_RETAIN_SELF = YES;
				CLANG_WARN_OBJC_LITERAL_CONVERSION = YES;
				CLANG_WARN_OBJC_ROOT_CLASS = YES_ERROR;
				CLANG_WARN_RANGE_LOOP_ANALYSIS = YES;
				CLANG_WARN_STRICT_PROTOTYPES = YES;
				CLANG_WARN_SUSPICIOUS_MOVE = YES;
				CLANG_WARN_UNGUARDED_AVAILABILITY = YES_AGGRESSIVE;
				CLANG_WARN_UNREACHABLE_CODE = YES;
				CLANG_WARN__DUPLICATE_METHOD_MATCH = YES;
				CODE_SIGN_IDENTITY = "iPhone Developer";
				COPY_PHASE_STRIP = NO;
				DEBUG_INFORMATION_FORMAT = dwarf;
				ENABLE_STRICT_OBJC_MSGSEND = YES;
				ENABLE_TESTABILITY = YES;
				GCC_C_LANGUAGE_STANDARD = gnu11;
				GCC_DYNAMIC_NO_PIC = NO;
				GCC_NO_COMMON_BLOCKS = YES;
				GCC_OPTIMIZATION_LEVEL = 0;
				GCC_PREPROCESSOR_DEFINITIONS = (
					"DEBUG=1",
					"$(inherited)",
				);
				GCC_WARN_64_TO_32_BIT_CONVERSION = YES;
				GCC_WARN_ABOUT_RETURN_TYPE = YES_ERROR;
				GCC_WARN_UNDECLARED_SELECTOR = YES;
				GCC_WARN_UNINITIALIZED_AUTOS = YES_AGGRESSIVE;
				GCC_WARN_UNUSED_FUNCTION = YES;
				GCC_WARN_UNUSED_VARIABLE = YES;
				IPHONEOS_DEPLOYMENT_TARGET = 12.4;
				MTL_ENABLE_DEBUG_INFO = INCLUDE_SOURCE;
				MTL_FAST_MATH = YES;
				ONLY_ACTIVE_ARCH = YES;
				SDKROOT = iphoneos;
				SWIFT_ACTIVE_COMPILATION_CONDITIONS = DEBUG;
				SWIFT_OPTIMIZATION_LEVEL = "-Onone";
			};
			name = Debug;
		};
		6BEAAF24231D623F00477343 /* Release */ = {
			isa = XCBuildConfiguration;
			buildSettings = {
				ALWAYS_SEARCH_USER_PATHS = NO;
				CLANG_ANALYZER_NONNULL = YES;
				CLANG_ANALYZER_NUMBER_OBJECT_CONVERSION = YES_AGGRESSIVE;
				CLANG_CXX_LANGUAGE_STANDARD = "gnu++14";
				CLANG_CXX_LIBRARY = "libc++";
				CLANG_ENABLE_MODULES = YES;
				CLANG_ENABLE_OBJC_ARC = YES;
				CLANG_ENABLE_OBJC_WEAK = YES;
				CLANG_WARN_BLOCK_CAPTURE_AUTORELEASING = YES;
				CLANG_WARN_BOOL_CONVERSION = YES;
				CLANG_WARN_COMMA = YES;
				CLANG_WARN_CONSTANT_CONVERSION = YES;
				CLANG_WARN_DEPRECATED_OBJC_IMPLEMENTATIONS = YES;
				CLANG_WARN_DIRECT_OBJC_ISA_USAGE = YES_ERROR;
				CLANG_WARN_DOCUMENTATION_COMMENTS = YES;
				CLANG_WARN_EMPTY_BODY = YES;
				CLANG_WARN_ENUM_CONVERSION = YES;
				CLANG_WARN_INFINITE_RECURSION = YES;
				CLANG_WARN_INT_CONVERSION = YES;
				CLANG_WARN_NON_LITERAL_NULL_CONVERSION = YES;
				CLANG_WARN_OBJC_IMPLICIT_RETAIN_SELF = YES;
				CLANG_WARN_OBJC_LITERAL_CONVERSION = YES;
				CLANG_WARN_OBJC_ROOT_CLASS = YES_ERROR;
				CLANG_WARN_RANGE_LOOP_ANALYSIS = YES;
				CLANG_WARN_STRICT_PROTOTYPES = YES;
				CLANG_WARN_SUSPICIOUS_MOVE = YES;
				CLANG_WARN_UNGUARDED_AVAILABILITY = YES_AGGRESSIVE;
				CLANG_WARN_UNREACHABLE_CODE = YES;
				CLANG_WARN__DUPLICATE_METHOD_MATCH = YES;
				CODE_SIGN_IDENTITY = "iPhone Developer";
				COPY_PHASE_STRIP = NO;
				DEBUG_INFORMATION_FORMAT = "dwarf-with-dsym";
				ENABLE_NS_ASSERTIONS = NO;
				ENABLE_STRICT_OBJC_MSGSEND = YES;
				GCC_C_LANGUAGE_STANDARD = gnu11;
				GCC_NO_COMMON_BLOCKS = YES;
				GCC_WARN_64_TO_32_BIT_CONVERSION = YES;
				GCC_WARN_ABOUT_RETURN_TYPE = YES_ERROR;
				GCC_WARN_UNDECLARED_SELECTOR = YES;
				GCC_WARN_UNINITIALIZED_AUTOS = YES_AGGRESSIVE;
				GCC_WARN_UNUSED_FUNCTION = YES;
				GCC_WARN_UNUSED_VARIABLE = YES;
				IPHONEOS_DEPLOYMENT_TARGET = 12.4;
				MTL_ENABLE_DEBUG_INFO = NO;
				MTL_FAST_MATH = YES;
				SDKROOT = iphoneos;
				SWIFT_COMPILATION_MODE = wholemodule;
				SWIFT_OPTIMIZATION_LEVEL = "-O";
				VALIDATE_PRODUCT = YES;
			};
			name = Release;
		};
		6BEAAF26231D623F00477343 /* Debug */ = {
			isa = XCBuildConfiguration;
			buildSettings = {
				ASSETCATALOG_COMPILER_APPICON_NAME = AppIcon;
				CODE_SIGN_STYLE = Automatic;
				DEVELOPMENT_TEAM = KGRX6TP52P;
				INFOPLIST_FILE = multiplication/Info.plist;
				LD_RUNPATH_SEARCH_PATHS = (
					"$(inherited)",
					"@executable_path/Frameworks",
				);
				PRODUCT_BUNDLE_IDENTIFIER = com.local.multiplication;
				PRODUCT_NAME = "$(TARGET_NAME)";
				SWIFT_VERSION = 5.0;
				TARGETED_DEVICE_FAMILY = 1;
			};
			name = Debug;
		};
		6BEAAF27231D623F00477343 /* Release */ = {
			isa = XCBuildConfiguration;
			buildSettings = {
				ASSETCATALOG_COMPILER_APPICON_NAME = AppIcon;
				CODE_SIGN_STYLE = Automatic;
				DEVELOPMENT_TEAM = KGRX6TP52P;
				INFOPLIST_FILE = multiplication/Info.plist;
				LD_RUNPATH_SEARCH_PATHS = (
					"$(inherited)",
					"@executable_path/Frameworks",
				);
				PRODUCT_BUNDLE_IDENTIFIER = com.local.multiplication;
				PRODUCT_NAME = "$(TARGET_NAME)";
				SWIFT_VERSION = 5.0;
				TARGETED_DEVICE_FAMILY = 1;
			};
			name = Release;
		};
		6BEAAF29231D623F00477343 /* Debug */ = {
			isa = XCBuildConfiguration;
			buildSettings = {
				ALWAYS_EMBED_SWIFT_STANDARD_LIBRARIES = YES;
				BUNDLE_LOADER = "$(TEST_HOST)";
				CODE_SIGN_STYLE = Automatic;
				INFOPLIST_FILE = multiplicationTests/Info.plist;
				LD_RUNPATH_SEARCH_PATHS = (
					"$(inherited)",
					"@executable_path/Frameworks",
					"@loader_path/Frameworks",
				);
				PRODUCT_BUNDLE_IDENTIFIER = local.multiplicationTests;
				PRODUCT_NAME = "$(TARGET_NAME)";
				SWIFT_VERSION = 5.0;
				TARGETED_DEVICE_FAMILY = "1,2";
				TEST_HOST = "$(BUILT_PRODUCTS_DIR)/multiplication.app/multiplication";
			};
			name = Debug;
		};
		6BEAAF2A231D623F00477343 /* Release */ = {
			isa = XCBuildConfiguration;
			buildSettings = {
				ALWAYS_EMBED_SWIFT_STANDARD_LIBRARIES = YES;
				BUNDLE_LOADER = "$(TEST_HOST)";
				CODE_SIGN_STYLE = Automatic;
				INFOPLIST_FILE = multiplicationTests/Info.plist;
				LD_RUNPATH_SEARCH_PATHS = (
					"$(inherited)",
					"@executable_path/Frameworks",
					"@loader_path/Frameworks",
				);
				PRODUCT_BUNDLE_IDENTIFIER = local.multiplicationTests;
				PRODUCT_NAME = "$(TARGET_NAME)";
				SWIFT_VERSION = 5.0;
				TARGETED_DEVICE_FAMILY = "1,2";
				TEST_HOST = "$(BUILT_PRODUCTS_DIR)/multiplication.app/multiplication";
			};
			name = Release;
		};
		6BEAAF2C231D623F00477343 /* Debug */ = {
			isa = XCBuildConfiguration;
			buildSettings = {
				ALWAYS_EMBED_SWIFT_STANDARD_LIBRARIES = YES;
				CODE_SIGN_STYLE = Automatic;
				INFOPLIST_FILE = multiplicationUITests/Info.plist;
				LD_RUNPATH_SEARCH_PATHS = (
					"$(inherited)",
					"@executable_path/Frameworks",
					"@loader_path/Frameworks",
				);
				PRODUCT_BUNDLE_IDENTIFIER = local.multiplicationUITests;
				PRODUCT_NAME = "$(TARGET_NAME)";
				SWIFT_VERSION = 5.0;
				TARGETED_DEVICE_FAMILY = "1,2";
				TEST_TARGET_NAME = multiplication;
			};
			name = Debug;
		};
		6BEAAF2D231D623F00477343 /* Release */ = {
			isa = XCBuildConfiguration;
			buildSettings = {
				ALWAYS_EMBED_SWIFT_STANDARD_LIBRARIES = YES;
				CODE_SIGN_STYLE = Automatic;
				INFOPLIST_FILE = multiplicationUITests/Info.plist;
				LD_RUNPATH_SEARCH_PATHS = (
					"$(inherited)",
					"@executable_path/Frameworks",
					"@loader_path/Frameworks",
				);
				PRODUCT_BUNDLE_IDENTIFIER = local.multiplicationUITests;
				PRODUCT_NAME = "$(TARGET_NAME)";
				SWIFT_VERSION = 5.0;
				TARGETED_DEVICE_FAMILY = "1,2";
				TEST_TARGET_NAME = multiplication;
			};
			name = Release;
		};
/* End XCBuildConfiguration section */

/* Begin XCConfigurationList section */
		6BEAAEF5231D623B00477343 /* Build configuration list for PBXProject "multiplication" */ = {
			isa = XCConfigurationList;
			buildConfigurations = (
				6BEAAF23231D623F00477343 /* Debug */,
				6BEAAF24231D623F00477343 /* Release */,
			);
			defaultConfigurationIsVisible = 0;
			defaultConfigurationName = Release;
		};
		6BEAAF25231D623F00477343 /* Build configuration list for PBXNativeTarget "multiplication" */ = {
			isa = XCConfigurationList;
			buildConfigurations = (
				6BEAAF26231D623F00477343 /* Debug */,
				6BEAAF27231D623F00477343 /* Release */,
			);
			defaultConfigurationIsVisible = 0;
			defaultConfigurationName = Release;
		};
		6BEAAF28231D623F00477343 /* Build configuration list for PBXNativeTarget "multiplicationTests" */ = {
			isa = XCConfigurationList;
			buildConfigurations = (
				6BEAAF29231D623F00477343 /* Debug */,
				6BEAAF2A231D623F00477343 /* Release */,
			);
			defaultConfigurationIsVisible = 0;
			defaultConfigurationName = Release;
		};
		6BEAAF2B231D623F00477343 /* Build configuration list for PBXNativeTarget "multiplicationUITests" */ = {
			isa = XCConfigurationList;
			buildConfigurations = (
				6BEAAF2C231D623F00477343 /* Debug */,
				6BEAAF2D231D623F00477343 /* Release */,
			);
			defaultConfigurationIsVisible = 0;
			defaultConfigurationName = Release;
		};
/* End XCConfigurationList section */

/* Begin XCVersionGroup section */
		6BEAAF04231D623B00477343 /* multiplication.xcdatamodeld */ = {
			isa = XCVersionGroup;
			children = (
				6BEAAF05231D623B00477343 /* multiplication.xcdatamodel */,
			);
			currentVersion = 6BEAAF05231D623B00477343 /* multiplication.xcdatamodel */;
			path = multiplication.xcdatamodeld;
			sourceTree = "<group>";
			versionGroupType = wrapper.xcdatamodel;
		};
/* End XCVersionGroup section */
	};
	rootObject = 6BEAAEF2231D623B00477343 /* Project object */;
}
